
Microsoft Visual Studio Solution File, Format Version 12.00
# Visual Studio Version 17
VisualStudioVersion = 17.4.33213.308
MinimumVisualStudioVersion = 10.0.40219.1
Project("{FAE04EC0-301F-11D3-BF4B-00C04F79EFBC}") = "HotelReservationSystem", "HotelReservationSystem.csproj", "{835BCEB7-1F69-461C-98A4-619310C0FAB3}"
EndProject
Global
	GlobalSection(SolutionConfigurationPlatforms) = preSolution
		Debug|Any CPU = Debug|Any CPU
		Release|Any CPU = Release|Any CPU
	EndGlobalSection
	GlobalSection(ProjectConfigurationPlatforms) = postSolution
		{835BCEB7-1F69-461C-98A4-619310C0FAB3}.Debug|Any CPU.ActiveCfg = Debug|Any CPU
		{835BCEB7-1F69-461C-98A4-619310C0FAB3}.Debug|Any CPU.Build.0 = Debug|Any CPU
		{835BCEB7-1F69-461C-98A4-619310C0FAB3}.Release|Any CPU.ActiveCfg = Release|Any CPU
		{835BCEB7-1F69-461C-98A4-619310C0FAB3}.Release|Any CPU.Build.0 = Release|Any CPU
	EndGlobalSection
	GlobalSection(SolutionProperties) = preSolution
		HideSolutionNode = FALSE
	EndGlobalSection
	GlobalSection(ExtensibilityGlobals) = postSolution
		SolutionGuid = {2A007960-1D3E-42E8-BEEC-C94D0AC2FBCB}
	EndGlobalSection
EndGlobal
